
Microsoft Visual Studio Solution File, Format Version 12.00
# Visual Studio 14
VisualStudioVersion = 14.0.25420.1
MinimumVisualStudioVersion = 10.0.40219.1
Project("{F5034706-568F-408A-B7B3-4D38C6DB8A32}") = "vsts-extension-shared", "vsts-extension-shared\vsts-extension-shared.pssproj", "{6CAFC0C6-A428-4D30-A9F9-700E829FEA51}"
EndProject
Project("{2150E333-8FDC-42A3-9474-1A3956D46DE8}") = "Extension", "Extension", "{BC296AF2-F84F-4227-B0E7-93CBF12940F8}"
	ProjectSection(SolutionItems) = preProject
		extension\extension-overview.md = extension\extension-overview.md
		License.txt = License.txt
		README.md = README.md
		vss-extension.json = vss-extension.json
	EndProjectSection
EndProject
Project("{2150E333-8FDC-42A3-9474-1A3956D46DE8}") = "Images", "Images", "{60191CF5-016B-4E2D-B762-228F0D128D8C}"
	ProjectSection(SolutionItems) = preProject
		extension\images\donate.png = extension\images\donate.png
		extension\images\extension-icon.png = extension\images\extension-icon.png
		extension\images\icons-small.psd = extension\images\icons-small.psd
		extension\images\icons.psd = extension\images\icons.psd
	EndProjectSection
EndProject
Project("{2150E333-8FDC-42A3-9474-1A3956D46DE8}") = "Screenshots", "Screenshots", "{6D148078-ED5C-45F9-909B-4ACDBD6F0157}"
	ProjectSection(SolutionItems) = preProject
		extension\images\Screenshots\packageandpublish.png = extension\images\Screenshots\packageandpublish.png
	EndProjectSection
EndProject
Project("{2150E333-8FDC-42A3-9474-1A3956D46DE8}") = "Solution Items", "Solution Items", "{D974FE1C-6C02-42C5-991E-8720EECD5AB7}"
	ProjectSection(SolutionItems) = preProject
		.gitignore = .gitignore
		vsts-tfvc-tasks.vsext = vsts-tfvc-tasks.vsext
	EndProjectSection
EndProject
Project("{F5034706-568F-408A-B7B3-4D38C6DB8A32}") = "vsts-extension-packageandpublish", "vsts-extension-packageandpublish\vsts-extension-packageandpublish.pssproj", "{5030B877-02C0-459F-91CA-4DD0C5236BE7}"
EndProject
Project("{F5034706-568F-408A-B7B3-4D38C6DB8A32}") = "vsts-extension-share", "vsts-extension-share\vsts-extension-share.pssproj", "{7F1C6C06-CFD3-4648-9A8A-A189C14A6E69}"
EndProject
Project("{F5034706-568F-408A-B7B3-4D38C6DB8A32}") = "vsts-extension-publish", "vsts-extension-publish\vsts-extension-publish.pssproj", "{4FFA570C-3AC4-4DAE-A498-069E5F2D2EEC}"
EndProject
Project("{F5034706-568F-408A-B7B3-4D38C6DB8A32}") = "vsts-extension-version", "vsts-extension-version\vsts-extension-version.pssproj", "{C5678169-B732-45DA-B5BE-55A3CDFABA67}"
EndProject
Project("{F5034706-568F-408A-B7B3-4D38C6DB8A32}") = "vsts-extension-install", "vsts-extension-install\vsts-extension-install.pssproj", "{E7CE0214-149F-4EEF-B834-F1B1EB18E13D}"
EndProject
Global
	GlobalSection(SolutionConfigurationPlatforms) = preSolution
		Debug|Any CPU = Debug|Any CPU
		Release|Any CPU = Release|Any CPU
	EndGlobalSection
	GlobalSection(ProjectConfigurationPlatforms) = postSolution
		{6CAFC0C6-A428-4D30-A9F9-700E829FEA51}.Debug|Any CPU.ActiveCfg = Debug|Any CPU
		{6CAFC0C6-A428-4D30-A9F9-700E829FEA51}.Debug|Any CPU.Build.0 = Debug|Any CPU
		{6CAFC0C6-A428-4D30-A9F9-700E829FEA51}.Release|Any CPU.ActiveCfg = Release|Any CPU
		{6CAFC0C6-A428-4D30-A9F9-700E829FEA51}.Release|Any CPU.Build.0 = Release|Any CPU
		{5030B877-02C0-459F-91CA-4DD0C5236BE7}.Debug|Any CPU.ActiveCfg = Debug|Any CPU
		{5030B877-02C0-459F-91CA-4DD0C5236BE7}.Debug|Any CPU.Build.0 = Debug|Any CPU
		{5030B877-02C0-459F-91CA-4DD0C5236BE7}.Release|Any CPU.ActiveCfg = Release|Any CPU
		{5030B877-02C0-459F-91CA-4DD0C5236BE7}.Release|Any CPU.Build.0 = Release|Any CPU
		{7F1C6C06-CFD3-4648-9A8A-A189C14A6E69}.Debug|Any CPU.ActiveCfg = Debug|Any CPU
		{7F1C6C06-CFD3-4648-9A8A-A189C14A6E69}.Debug|Any CPU.Build.0 = Debug|Any CPU
		{7F1C6C06-CFD3-4648-9A8A-A189C14A6E69}.Release|Any CPU.ActiveCfg = Release|Any CPU
		{7F1C6C06-CFD3-4648-9A8A-A189C14A6E69}.Release|Any CPU.Build.0 = Release|Any CPU
		{4FFA570C-3AC4-4DAE-A498-069E5F2D2EEC}.Debug|Any CPU.ActiveCfg = Debug|Any CPU
		{4FFA570C-3AC4-4DAE-A498-069E5F2D2EEC}.Debug|Any CPU.Build.0 = Debug|Any CPU
		{4FFA570C-3AC4-4DAE-A498-069E5F2D2EEC}.Release|Any CPU.ActiveCfg = Release|Any CPU
		{4FFA570C-3AC4-4DAE-A498-069E5F2D2EEC}.Release|Any CPU.Build.0 = Release|Any CPU
		{C5678169-B732-45DA-B5BE-55A3CDFABA67}.Debug|Any CPU.ActiveCfg = Debug|Any CPU
		{C5678169-B732-45DA-B5BE-55A3CDFABA67}.Debug|Any CPU.Build.0 = Debug|Any CPU
		{C5678169-B732-45DA-B5BE-55A3CDFABA67}.Release|Any CPU.ActiveCfg = Release|Any CPU
		{C5678169-B732-45DA-B5BE-55A3CDFABA67}.Release|Any CPU.Build.0 = Release|Any CPU
		{E7CE0214-149F-4EEF-B834-F1B1EB18E13D}.Debug|Any CPU.ActiveCfg = Debug|Any CPU
		{E7CE0214-149F-4EEF-B834-F1B1EB18E13D}.Debug|Any CPU.Build.0 = Debug|Any CPU
		{E7CE0214-149F-4EEF-B834-F1B1EB18E13D}.Release|Any CPU.ActiveCfg = Release|Any CPU
		{E7CE0214-149F-4EEF-B834-F1B1EB18E13D}.Release|Any CPU.Build.0 = Release|Any CPU
	EndGlobalSection
	GlobalSection(SolutionProperties) = preSolution
		HideSolutionNode = FALSE
	EndGlobalSection
	GlobalSection(NestedProjects) = preSolution
		{60191CF5-016B-4E2D-B762-228F0D128D8C} = {BC296AF2-F84F-4227-B0E7-93CBF12940F8}
		{6D148078-ED5C-45F9-909B-4ACDBD6F0157} = {60191CF5-016B-4E2D-B762-228F0D128D8C}
	EndGlobalSection
EndGlobal
